
Microsoft Visual Studio Solution File, Format Version 12.00
# Visual Studio Version 17
VisualStudioVersion = 17.2.32616.157
MinimumVisualStudioVersion = 10.0.40219.1
Project("{9A19103F-16F7-4668-BE54-9A1E7A4F7556}") = "MexManager", "MexManager\MexManager.csproj", "{779CA866-88BE-472C-8777-F0DE6C5E89AF}"
EndProject
Project("{9A19103F-16F7-4668-BE54-9A1E7A4F7556}") = "MexManager.Desktop", "MexManager.Desktop\MexManager.Desktop.csproj", "{E3D86101-D0FB-4142-A60B-E79C82F24BC8}"
EndProject
Project("{9A19103F-16F7-4668-BE54-9A1E7A4F7556}") = "mexLib", "mexLib\mexLib.csproj", "{42030BC2-4AE2-4925-8568-2E97B5A5A0FC}"
EndProject
Project("{FAE04EC0-301F-11D3-BF4B-00C04F79EFBC}") = "MexManagerUpdater", "MexManagerUpdater\MexManagerUpdater.csproj", "{70733768-B209-4436-82E5-8AEFC5FEFED7}"
EndProject
Global
	GlobalSection(SolutionConfigurationPlatforms) = preSolution
		Debug|Any CPU = Debug|Any CPU
		Release|Any CPU = Release|Any CPU
	EndGlobalSection
	GlobalSection(ProjectConfigurationPlatforms) = postSolution
		{779CA866-88BE-472C-8777-F0DE6C5E89AF}.Debug|Any CPU.ActiveCfg = Debug|Any CPU
		{779CA866-88BE-472C-8777-F0DE6C5E89AF}.Debug|Any CPU.Build.0 = Debug|Any CPU
		{779CA866-88BE-472C-8777-F0DE6C5E89AF}.Release|Any CPU.ActiveCfg = Release|Any CPU
		{779CA866-88BE-472C-8777-F0DE6C5E89AF}.Release|Any CPU.Build.0 = Release|Any CPU
		{E3D86101-D0FB-4142-A60B-E79C82F24BC8}.Debug|Any CPU.ActiveCfg = Debug|Any CPU
		{E3D86101-D0FB-4142-A60B-E79C82F24BC8}.Debug|Any CPU.Build.0 = Debug|Any CPU
		{E3D86101-D0FB-4142-A60B-E79C82F24BC8}.Release|Any CPU.ActiveCfg = Release|Any CPU
		{E3D86101-D0FB-4142-A60B-E79C82F24BC8}.Release|Any CPU.Build.0 = Release|Any CPU
		{42030BC2-4AE2-4925-8568-2E97B5A5A0FC}.Debug|Any CPU.ActiveCfg = Debug|Any CPU
		{42030BC2-4AE2-4925-8568-2E97B5A5A0FC}.Debug|Any CPU.Build.0 = Debug|Any CPU
		{42030BC2-4AE2-4925-8568-2E97B5A5A0FC}.Release|Any CPU.ActiveCfg = Release|Any CPU
		{42030BC2-4AE2-4925-8568-2E97B5A5A0FC}.Release|Any CPU.Build.0 = Release|Any CPU
		{70733768-B209-4436-82E5-8AEFC5FEFED7}.Debug|Any CPU.ActiveCfg = Debug|Any CPU
		{70733768-B209-4436-82E5-8AEFC5FEFED7}.Debug|Any CPU.Build.0 = Debug|Any CPU
		{70733768-B209-4436-82E5-8AEFC5FEFED7}.Release|Any CPU.ActiveCfg = Release|Any CPU
		{70733768-B209-4436-82E5-8AEFC5FEFED7}.Release|Any CPU.Build.0 = Release|Any CPU
	EndGlobalSection
	GlobalSection(SolutionProperties) = preSolution
		HideSolutionNode = FALSE
	EndGlobalSection
	GlobalSection(ExtensibilityGlobals) = postSolution
		SolutionGuid = {BA246C63-8675-4AEF-A822-DED90B4DB888}
	EndGlobalSection
EndGlobal
